
Microsoft Visual Studio Solution File, Format Version 12.00
# Visual Studio Version 17
VisualStudioVersion = 17.4.33122.133
MinimumVisualStudioVersion = 10.0.40219.1
Project("{FAE04EC0-301F-11D3-BF4B-00C04F79EFBC}") = "Question3", "Question3.csproj", "{01E303F1-02A0-477C-97CD-D7EBD3CE8F75}"
EndProject
Project("{FAE04EC0-301F-11D3-BF4B-00C04F79EFBC}") = "WindowsFormsApp1", "..\WindowsFormsApp1\WindowsFormsApp1.csproj", "{DED01CA0-6AFE-4FDC-827F-A8E9839557AD}"
EndProject
Global
	GlobalSection(SolutionConfigurationPlatforms) = preSolution
		Debug|Any CPU = Debug|Any CPU
		Release|Any CPU = Release|Any CPU
	EndGlobalSection
	GlobalSection(ProjectConfigurationPlatforms) = postSolution
		{01E303F1-02A0-477C-97CD-D7EBD3CE8F75}.Debug|Any CPU.ActiveCfg = Debug|Any CPU
		{01E303F1-02A0-477C-97CD-D7EBD3CE8F75}.Debug|Any CPU.Build.0 = Debug|Any CPU
		{01E303F1-02A0-477C-97CD-D7EBD3CE8F75}.Release|Any CPU.ActiveCfg = Release|Any CPU
		{01E303F1-02A0-477C-97CD-D7EBD3CE8F75}.Release|Any CPU.Build.0 = Release|Any CPU
		{DED01CA0-6AFE-4FDC-827F-A8E9839557AD}.Debug|Any CPU.ActiveCfg = Debug|Any CPU
		{DED01CA0-6AFE-4FDC-827F-A8E9839557AD}.Debug|Any CPU.Build.0 = Debug|Any CPU
		{DED01CA0-6AFE-4FDC-827F-A8E9839557AD}.Release|Any CPU.ActiveCfg = Release|Any CPU
		{DED01CA0-6AFE-4FDC-827F-A8E9839557AD}.Release|Any CPU.Build.0 = Release|Any CPU
	EndGlobalSection
	GlobalSection(SolutionProperties) = preSolution
		HideSolutionNode = FALSE
	EndGlobalSection
	GlobalSection(ExtensibilityGlobals) = postSolution
		SolutionGuid = {41F6B947-A404-4F93-B0CF-34A80BCF3DA0}
	EndGlobalSection
EndGlobal
